github.com/dlclark/regexp2/v2 v2.8.1 h1:I1jbaCbXeOxdVN8z3fb55Mvtgb94/6+Dh0zjmXjKV/0=
github.com/dlclark/regexp2/v2 v2.8.1/go.mod h1:avUrQvPaLz2DrFNHJF0taWAFFX2C1GMSSoeiqFjcBmU=
github.com/dlclark/regexp2/v2 v2.8.2 h1:uTTe+cxADL4be+dv4DZwsBIEPCQ6RHPlnVuKrtLqSx0=
github.com/dlclark/regexp2/v2 v2.8.2/go.mod h1:avUrQvPaLz2DrFNHJF0taWAFFX2C1GMSSoeiqFjcBmU=
github.com/pkg/errors v0.9.1 h1:FEBLx1zS214owpjy7qsBeixbURkuhQAwrK5UwLGTwt4=
github.com/pkg/errors v0.9.1/go.mod h1:bwawxfHBFNV+L2hUp1rHADufV3IMtnDRdf1r5NINEl0=
